
Microsoft Visual Studio Solution File, Format Version 12.00
# Visual Studio 2013
VisualStudioVersion = 12.0.31101.0
MinimumVisualStudioVersion = 10.0.40219.1
Project("{FAE04EC0-301F-11D3-BF4B-00C04F79EFBC}") = "RelatTurno", "RelatTurno\RelatTurno.csproj", "{6EDA4458-D844-4B86-A589-C45C74BD95F5}"
EndProject
Project("{FAE04EC0-301F-11D3-BF4B-00C04F79EFBC}") = "HmCadTrabMan", "HmCadTrabMan\HmCadTrabMan.csproj", "{01FBBA51-F3EB-461A-AF04-BD016B0AAA4F}"
EndProject
Project("{FAE04EC0-301F-11D3-BF4B-00C04F79EFBC}") = "NCPControleProducaoDAO", "NCPControleProducaoDAO\NCPControleProducaoDAO.csproj", "{139E90FC-540D-43A3-8945-FFB4F9947447}"
EndProject
Project("{FAE04EC0-301F-11D3-BF4B-00C04F79EFBC}") = "AssortedUtilities", "AssortedUtilities\AssortedUtilities.csproj", "{46D84BE4-18E5-47A4-91B1-882B339B4138}"
EndProject
Project("{2150E333-8FDC-42A3-9474-1A3956D46DE8}") = "Libraries", "Libraries", "{1486589B-A5C6-43D3-BF68-C55BAE8FECCA}"
EndProject
Project("{FAE04EC0-301F-11D3-BF4B-00C04F79EFBC}") = "ApropriadosPorApontador", "ApropriadosPorApontador\ApropriadosPorApontador.csproj", "{412E9BDF-2A2E-43E3-A74F-F9F8997E8711}"
EndProject
Project("{FAE04EC0-301F-11D3-BF4B-00C04F79EFBC}") = "ApropPeriodSelector", "ApropPeriodSelector\ApropPeriodSelector.csproj", "{2C668A22-8B9F-4478-8BEA-EA726F223E41}"
EndProject
Project("{2150E333-8FDC-42A3-9474-1A3956D46DE8}") = "WinForm User Controls", "WinForm User Controls", "{0CEE20A3-C986-487C-8A0D-A93514F7E33E}"
EndProject
Global
	GlobalSection(SolutionConfigurationPlatforms) = preSolution
		Debug|Any CPU = Debug|Any CPU
		Release|Any CPU = Release|Any CPU
	EndGlobalSection
	GlobalSection(ProjectConfigurationPlatforms) = postSolution
		{6EDA4458-D844-4B86-A589-C45C74BD95F5}.Debug|Any CPU.ActiveCfg = Debug|Any CPU
		{6EDA4458-D844-4B86-A589-C45C74BD95F5}.Debug|Any CPU.Build.0 = Debug|Any CPU
		{6EDA4458-D844-4B86-A589-C45C74BD95F5}.Release|Any CPU.ActiveCfg = Release|Any CPU
		{6EDA4458-D844-4B86-A589-C45C74BD95F5}.Release|Any CPU.Build.0 = Release|Any CPU
		{01FBBA51-F3EB-461A-AF04-BD016B0AAA4F}.Debug|Any CPU.ActiveCfg = Debug|Any CPU
		{01FBBA51-F3EB-461A-AF04-BD016B0AAA4F}.Debug|Any CPU.Build.0 = Debug|Any CPU
		{01FBBA51-F3EB-461A-AF04-BD016B0AAA4F}.Release|Any CPU.ActiveCfg = Release|Any CPU
		{01FBBA51-F3EB-461A-AF04-BD016B0AAA4F}.Release|Any CPU.Build.0 = Release|Any CPU
		{139E90FC-540D-43A3-8945-FFB4F9947447}.Debug|Any CPU.ActiveCfg = Debug|Any CPU
		{139E90FC-540D-43A3-8945-FFB4F9947447}.Debug|Any CPU.Build.0 = Debug|Any CPU
		{139E90FC-540D-43A3-8945-FFB4F9947447}.Release|Any CPU.ActiveCfg = Release|Any CPU
		{139E90FC-540D-43A3-8945-FFB4F9947447}.Release|Any CPU.Build.0 = Release|Any CPU
		{46D84BE4-18E5-47A4-91B1-882B339B4138}.Debug|Any CPU.ActiveCfg = Debug|Any CPU
		{46D84BE4-18E5-47A4-91B1-882B339B4138}.Debug|Any CPU.Build.0 = Debug|Any CPU
		{46D84BE4-18E5-47A4-91B1-882B339B4138}.Release|Any CPU.ActiveCfg = Release|Any CPU
		{46D84BE4-18E5-47A4-91B1-882B339B4138}.Release|Any CPU.Build.0 = Release|Any CPU
		{412E9BDF-2A2E-43E3-A74F-F9F8997E8711}.Debug|Any CPU.ActiveCfg = Debug|Any CPU
		{412E9BDF-2A2E-43E3-A74F-F9F8997E8711}.Debug|Any CPU.Build.0 = Debug|Any CPU
		{412E9BDF-2A2E-43E3-A74F-F9F8997E8711}.Release|Any CPU.ActiveCfg = Release|Any CPU
		{412E9BDF-2A2E-43E3-A74F-F9F8997E8711}.Release|Any CPU.Build.0 = Release|Any CPU
		{2C668A22-8B9F-4478-8BEA-EA726F223E41}.Debug|Any CPU.ActiveCfg = Debug|Any CPU
		{2C668A22-8B9F-4478-8BEA-EA726F223E41}.Debug|Any CPU.Build.0 = Debug|Any CPU
		{2C668A22-8B9F-4478-8BEA-EA726F223E41}.Release|Any CPU.ActiveCfg = Release|Any CPU
		{2C668A22-8B9F-4478-8BEA-EA726F223E41}.Release|Any CPU.Build.0 = Release|Any CPU
	EndGlobalSection
	GlobalSection(SolutionProperties) = preSolution
		HideSolutionNode = FALSE
	EndGlobalSection
	GlobalSection(NestedProjects) = preSolution
		{139E90FC-540D-43A3-8945-FFB4F9947447} = {1486589B-A5C6-43D3-BF68-C55BAE8FECCA}
		{46D84BE4-18E5-47A4-91B1-882B339B4138} = {1486589B-A5C6-43D3-BF68-C55BAE8FECCA}
		{2C668A22-8B9F-4478-8BEA-EA726F223E41} = {0CEE20A3-C986-487C-8A0D-A93514F7E33E}
		{0CEE20A3-C986-487C-8A0D-A93514F7E33E} = {1486589B-A5C6-43D3-BF68-C55BAE8FECCA}
	EndGlobalSection
EndGlobal
