
Microsoft Visual Studio Solution File, Format Version 12.00
# Visual Studio 2013
VisualStudioVersion = 12.0.31101.0
MinimumVisualStudioVersion = 10.0.40219.1
Project("{FAE04EC0-301F-11D3-BF4B-00C04F79EFBC}") = "RelatTurno", "RelatTurno\RelatTurno.csproj", "{6EDA4458-D844-4B86-A589-C45C74BD95F5}"
	ProjectSection(ProjectDependencies) = postProject
		{139E90FC-540D-43A3-8945-FFB4F9947447} = {139E90FC-540D-43A3-8945-FFB4F9947447}
	EndProjectSection
EndProject
Project("{FAE04EC0-301F-11D3-BF4B-00C04F79EFBC}") = "NCPControleProducaoDAO", "..\NCPControleProducaoDAO\NCPControleProducaoDAO\NCPControleProducaoDAO.csproj", "{139E90FC-540D-43A3-8945-FFB4F9947447}"
EndProject
Global
	GlobalSection(SolutionConfigurationPlatforms) = preSolution
		Debug|Any CPU = Debug|Any CPU
		Release|Any CPU = Release|Any CPU
	EndGlobalSection
	GlobalSection(ProjectConfigurationPlatforms) = postSolution
		{6EDA4458-D844-4B86-A589-C45C74BD95F5}.Debug|Any CPU.ActiveCfg = Debug|Any CPU
		{6EDA4458-D844-4B86-A589-C45C74BD95F5}.Debug|Any CPU.Build.0 = Debug|Any CPU
		{6EDA4458-D844-4B86-A589-C45C74BD95F5}.Release|Any CPU.ActiveCfg = Release|Any CPU
		{6EDA4458-D844-4B86-A589-C45C74BD95F5}.Release|Any CPU.Build.0 = Release|Any CPU
		{139E90FC-540D-43A3-8945-FFB4F9947447}.Debug|Any CPU.ActiveCfg = Debug|Any CPU
		{139E90FC-540D-43A3-8945-FFB4F9947447}.Debug|Any CPU.Build.0 = Debug|Any CPU
		{139E90FC-540D-43A3-8945-FFB4F9947447}.Release|Any CPU.ActiveCfg = Release|Any CPU
		{139E90FC-540D-43A3-8945-FFB4F9947447}.Release|Any CPU.Build.0 = Release|Any CPU
	EndGlobalSection
	GlobalSection(SolutionProperties) = preSolution
		HideSolutionNode = FALSE
	EndGlobalSection
EndGlobal
